// !$*UTF8*$!
{
	archiveVersion = 1;
	classes = {
	};
	objectVersion = 55;
	objects = {

/* Begin PBXBuildFile section */
		8457431E29B6FDD6009ACAB5 /* LocationPreviewView.swift in Sources */ = {isa = PBXBuildFile; fileRef = 8457431D29B6FDD6009ACAB5 /* LocationPreviewView.swift */; };
		8482CA9129B7340F00B4A6CB /* LocationMapAnnotationView.swift in Sources */ = {isa = PBXBuildFile; fileRef = 8482CA9029B7340F00B4A6CB /* LocationMapAnnotationView.swift */; };
		8482CA9329B7539E00B4A6CB /* LocationDetailView.swift in Sources */ = {isa = PBXBuildFile; fileRef = 8482CA9229B7539E00B4A6CB /* LocationDetailView.swift */; };
		84C25FFA29B60E920069FF67 /* SwiftMapApp.swift in Sources */ = {isa = PBXBuildFile; fileRef = 84C25FF929B60E920069FF67 /* SwiftMapApp.swift */; };
		84C25FFC29B60E920069FF67 /* ContentView.swift in Sources */ = {isa = PBXBuildFile; fileRef = 84C25FFB29B60E920069FF67 /* ContentView.swift */; };
		84C2600129B60E930069FF67 /* Preview Assets.xcassets in Resources */ = {isa = PBXBuildFile; fileRef = 84C2600029B60E930069FF67 /* Preview Assets.xcassets */; };
		84C2600829B60FB00069FF67 /* Assets.xcassets in Resources */ = {isa = PBXBuildFile; fileRef = 84C2600729B60FB00069FF67 /* Assets.xcassets */; };
		84C2600D29B611340069FF67 /* Location.swift in Sources */ = {isa = PBXBuildFile; fileRef = 84C2600C29B611340069FF67 /* Location.swift */; };
		84C2601029B6126C0069FF67 /* LocationsDataService.swift in Sources */ = {isa = PBXBuildFile; fileRef = 84C2600F29B6126C0069FF67 /* LocationsDataService.swift */; };
		84C2601229B638D70069FF67 /* LocationsView.swift in Sources */ = {isa = PBXBuildFile; fileRef = 84C2601129B638D70069FF67 /* LocationsView.swift */; };
		84C2601429B63C520069FF67 /* LocationViewModel.swift in Sources */ = {isa = PBXBuildFile; fileRef = 84C2601329B63C520069FF67 /* LocationViewModel.swift */; };
		84C2601829B6448C0069FF67 /* LocationsListView.swift in Sources */ = {isa = PBXBuildFile; fileRef = 84C2601729B6448C0069FF67 /* LocationsListView.swift */; };
/* End PBXBuildFile section */

/* Begin PBXFileReference section */
		8457431D29B6FDD6009ACAB5 /* LocationPreviewView.swift */ = {isa = PBXFileReference; lastKnownFileType = sourcecode.swift; path = LocationPreviewView.swift; sourceTree = "<group>"; };
		8482CA9029B7340F00B4A6CB /* LocationMapAnnotationView.swift */ = {isa = PBXFileReference; lastKnownFileType = sourcecode.swift; path = LocationMapAnnotationView.swift; sourceTree = "<group>"; };
		8482CA9229B7539E00B4A6CB /* LocationDetailView.swift */ = {isa = PBXFileReference; lastKnownFileType = sourcecode.swift; path = LocationDetailView.swift; sourceTree = "<group>"; };
		84C25FF629B60E920069FF67 /* SwiftMap.app */ = {isa = PBXFileReference; explicitFileType = wrapper.application; includeInIndex = 0; path = SwiftMap.app; sourceTree = BUILT_PRODUCTS_DIR; };
		84C25FF929B60E920069FF67 /* SwiftMapApp.swift */ = {isa = PBXFileReference; lastKnownFileType = sourcecode.swift; path = SwiftMapApp.swift; sourceTree = "<group>"; };
		84C25FFB29B60E920069FF67 /* ContentView.swift */ = {isa = PBXFileReference; lastKnownFileType = sourcecode.swift; path = ContentView.swift; sourceTree = "<group>"; };
		84C2600029B60E930069FF67 /* Preview Assets.xcassets */ = {isa = PBXFileReference; lastKnownFileType = folder.assetcatalog; path = "Preview Assets.xcassets"; sourceTree = "<group>"; };
		84C2600729B60FB00069FF67 /* Assets.xcassets */ = {isa = PBXFileReference; lastKnownFileType = folder.assetcatalog; path = Assets.xcassets; sourceTree = "<group>"; };
		84C2600C29B611340069FF67 /* Location.swift */ = {isa = PBXFileReference; lastKnownFileType = sourcecode.swift; path = Location.swift; sourceTree = "<group>"; };
		84C2600F29B6126C0069FF67 /* LocationsDataService.swift */ = {isa = PBXFileReference; fileEncoding = 4; lastKnownFileType = sourcecode.swift; path = LocationsDataService.swift; sourceTree = "<group>"; };
		84C2601129B638D70069FF67 /* LocationsView.swift */ = {isa = PBXFileReference; lastKnownFileType = sourcecode.swift; path = LocationsView.swift; sourceTree = "<group>"; };
		84C2601329B63C520069FF67 /* LocationViewModel.swift */ = {isa = PBXFileReference; lastKnownFileType = sourcecode.swift; path = LocationViewModel.swift; sourceTree = "<group>"; };
		84C2601729B6448C0069FF67 /* LocationsListView.swift */ = {isa = PBXFileReference; lastKnownFileType = sourcecode.swift; path = LocationsListView.swift; sourceTree = "<group>"; };
/* End PBXFileReference section */

/* Begin PBXFrameworksBuildPhase section */
		84C25FF329B60E920069FF67 /* Frameworks */ = {
			isa = PBXFrameworksBuildPhase;
			buildActionMask = 2147483647;
			files = (
			);
			runOnlyForDeploymentPostprocessing = 0;
		};
/* End PBXFrameworksBuildPhase section */

/* Begin PBXGroup section */
		84C25FED29B60E920069FF67 = {
			isa = PBXGroup;
			children = (
				84C25FF829B60E920069FF67 /* SwiftMap */,
				84C25FF729B60E920069FF67 /* Products */,
			);
			sourceTree = "<group>";
		};
		84C25FF729B60E920069FF67 /* Products */ = {
			isa = PBXGroup;
			children = (
				84C25FF629B60E920069FF67 /* SwiftMap.app */,
			);
			name = Products;
			sourceTree = "<group>";
		};
		84C25FF829B60E920069FF67 /* SwiftMap */ = {
			isa = PBXGroup;
			children = (
				84C25FF929B60E920069FF67 /* SwiftMapApp.swift */,
				84C25FFB29B60E920069FF67 /* ContentView.swift */,
				84C2600E29B612300069FF67 /* DataServices */,
				84C2600929B610CE0069FF67 /* Views */,
				84C2600A29B610E20069FF67 /* ViewModels */,
				84C2600B29B610EF0069FF67 /* Models */,
				84C2600729B60FB00069FF67 /* Assets.xcassets */,
				84C25FFF29B60E930069FF67 /* Preview Content */,
			);
			path = SwiftMap;
			sourceTree = "<group>";
		};
		84C25FFF29B60E930069FF67 /* Preview Content */ = {
			isa = PBXGroup;
			children = (
				84C2600029B60E930069FF67 /* Preview Assets.xcassets */,
			);
			path = "Preview Content";
			sourceTree = "<group>";
		};
		84C2600929B610CE0069FF67 /* Views */ = {
			isa = PBXGroup;
			children = (
				84C2601129B638D70069FF67 /* LocationsView.swift */,
				84C2601729B6448C0069FF67 /* LocationsListView.swift */,
				8457431D29B6FDD6009ACAB5 /* LocationPreviewView.swift */,
				8482CA9229B7539E00B4A6CB /* LocationDetailView.swift */,
				8482CA9029B7340F00B4A6CB /* LocationMapAnnotationView.swift */,
			);
			path = Views;
			sourceTree = "<group>";
		};
		84C2600A29B610E20069FF67 /* ViewModels */ = {
			isa = PBXGroup;
			children = (
				84C2601329B63C520069FF67 /* LocationViewModel.swift */,
			);
			path = ViewModels;
			sourceTree = "<group>";
		};
		84C2600B29B610EF0069FF67 /* Models */ = {
			isa = PBXGroup;
			children = (
				84C2600C29B611340069FF67 /* Location.swift */,
			);
			path = Models;
			sourceTree = "<group>";
		};
		84C2600E29B612300069FF67 /* DataServices */ = {
			isa = PBXGroup;
			children = (
				84C2600F29B6126C0069FF67 /* LocationsDataService.swift */,
			);
			path = DataServices;
			sourceTree = "<group>";
		};
/* End PBXGroup section */

/* Begin PBXNativeTarget section */
		84C25FF529B60E920069FF67 /* SwiftMap */ = {
			isa = PBXNativeTarget;
			buildConfigurationList = 84C2600429B60E930069FF67 /* Build configuration list for PBXNativeTarget "SwiftMap" */;
			buildPhases = (
				84C25FF229B60E920069FF67 /* Sources */,
				84C25FF329B60E920069FF67 /* Frameworks */,
				84C25FF429B60E920069FF67 /* Resources */,
			);
			buildRules = (
			);
			dependencies = (
			);
			name = SwiftMap;
			productName = SwiftMap;
			productReference = 84C25FF629B60E920069FF67 /* SwiftMap.app */;
			productType = "com.apple.product-type.application";
		};
/* End PBXNativeTarget section */

/* Begin PBXProject section */
		84C25FEE29B60E920069FF67 /* Project object */ = {
			isa = PBXProject;
			attributes = {
				BuildIndependentTargetsInParallel = 1;
				LastSwiftUpdateCheck = 1340;
				LastUpgradeCheck = 1340;
				TargetAttributes = {
					84C25FF529B60E920069FF67 = {
						CreatedOnToolsVersion = 13.4.1;
					};
				};
			};
			buildConfigurationList = 84C25FF129B60E920069FF67 /* Build configuration list for PBXProject "SwiftMap" */;
			compatibilityVersion = "Xcode 13.0";
			developmentRegion = en;
			hasScannedForEncodings = 0;
			knownRegions = (
				en,
				Base,
			);
			mainGroup = 84C25FED29B60E920069FF67;
			productRefGroup = 84C25FF729B60E920069FF67 /* Products */;
			projectDirPath = "";
			projectRoot = "";
			targets = (
				84C25FF529B60E920069FF67 /* SwiftMap */,
			);
		};
/* End PBXProject section */

/* Begin PBXResourcesBuildPhase section */
		84C25FF429B60E920069FF67 /* Resources */ = {
			isa = PBXResourcesBuildPhase;
			buildActionMask = 2147483647;
			files = (
				84C2600829B60FB00069FF67 /* Assets.xcassets in Resources */,
				84C2600129B60E930069FF67 /* Preview Assets.xcassets in Resources */,
			);
			runOnlyForDeploymentPostprocessing = 0;
		};
/* End PBXResourcesBuildPhase section */

/* Begin PBXSourcesBuildPhase section */
		84C25FF229B60E920069FF67 /* Sources */ = {
			isa = PBXSourcesBuildPhase;
			buildActionMask = 2147483647;
			files = (
				84C2601029B6126C0069FF67 /* LocationsDataService.swift in Sources */,
				84C2601829B6448C0069FF67 /* LocationsListView.swift in Sources */,
				8457431E29B6FDD6009ACAB5 /* LocationPreviewView.swift in Sources */,
				84C2601429B63C520069FF67 /* LocationViewModel.swift in Sources */,
				84C25FFC29B60E920069FF67 /* ContentView.swift in Sources */,
				8482CA9129B7340F00B4A6CB /* LocationMapAnnotationView.swift in Sources */,
				84C2601229B638D70069FF67 /* LocationsView.swift in Sources */,
				84C2600D29B611340069FF67 /* Location.swift in Sources */,
				8482CA9329B7539E00B4A6CB /* LocationDetailView.swift in Sources */,
				84C25FFA29B60E920069FF67 /* SwiftMapApp.swift in Sources */,
			);
			runOnlyForDeploymentPostprocessing = 0;
		};
/* End PBXSourcesBuildPhase section */

/* Begin XCBuildConfiguration section */
		84C2600229B60E930069FF67 /* Debug */ = {
			isa = XCBuildConfiguration;
			buildSettings = {
				ALWAYS_SEARCH_USER_PATHS = NO;
				CLANG_ANALYZER_NONNULL = YES;
				CLANG_ANALYZER_NUMBER_OBJECT_CONVERSION = YES_AGGRESSIVE;
				CLANG_CXX_LANGUAGE_STANDARD = "gnu++17";
				CLANG_ENABLE_MODULES = YES;
				CLANG_ENABLE_OBJC_ARC = YES;
				CLANG_ENABLE_OBJC_WEAK = YES;
				CLANG_WARN_BLOCK_CAPTURE_AUTORELEASING = YES;
				CLANG_WARN_BOOL_CONVERSION = YES;
				CLANG_WARN_COMMA = YES;
				CLANG_WARN_CONSTANT_CONVERSION = YES;
				CLANG_WARN_DEPRECATED_OBJC_IMPLEMENTATIONS = YES;
				CLANG_WARN_DIRECT_OBJC_ISA_USAGE = YES_ERROR;
				CLANG_WARN_DOCUMENTATION_COMMENTS = YES;
				CLANG_WARN_EMPTY_BODY = YES;
				CLANG_WARN_ENUM_CONVERSION = YES;
				CLANG_WARN_INFINITE_RECURSION = YES;
				CLANG_WARN_INT_CONVERSION = YES;
				CLANG_WARN_NON_LITERAL_NULL_CONVERSION = YES;
				CLANG_WARN_OBJC_IMPLICIT_RETAIN_SELF = YES;
				CLANG_WARN_OBJC_LITERAL_CONVERSION = YES;
				CLANG_WARN_OBJC_ROOT_CLASS = YES_ERROR;
				CLANG_WARN_QUOTED_INCLUDE_IN_FRAMEWORK_HEADER = YES;
				CLANG_WARN_RANGE_LOOP_ANALYSIS = YES;
				CLANG_WARN_STRICT_PROTOTYPES = YES;
				CLANG_WARN_SUSPICIOUS_MOVE = YES;
				CLANG_WARN_UNGUARDED_AVAILABILITY = YES_AGGRESSIVE;
				CLANG_WARN_UNREACHABLE_CODE = YES;
				CLANG_WARN__DUPLICATE_METHOD_MATCH = YES;
				COPY_PHASE_STRIP = NO;
				DEBUG_INFORMATION_FORMAT = dwarf;
				ENABLE_STRICT_OBJC_MSGSEND = YES;
				ENABLE_TESTABILITY = YES;
				GCC_C_LANGUAGE_STANDARD = gnu11;
				GCC_DYNAMIC_NO_PIC = NO;
				GCC_NO_COMMON_BLOCKS = YES;
				GCC_OPTIMIZATION_LEVEL = 0;
				GCC_PREPROCESSOR_DEFINITIONS = (
					"DEBUG=1",
					"$(inherited)",
				);
				GCC_WARN_64_TO_32_BIT_CONVERSION = YES;
				GCC_WARN_ABOUT_RETURN_TYPE = YES_ERROR;
				GCC_WARN_UNDECLARED_SELECTOR = YES;
				GCC_WARN_UNINITIALIZED_AUTOS = YES_AGGRESSIVE;
				GCC_WARN_UNUSED_FUNCTION = YES;
				GCC_WARN_UNUSED_VARIABLE = YES;
				IPHONEOS_DEPLOYMENT_TARGET = 15.5;
				MTL_ENABLE_DEBUG_INFO = INCLUDE_SOURCE;
				MTL_FAST_MATH = YES;
				ONLY_ACTIVE_ARCH = YES;
				SDKROOT = iphoneos;
				SWIFT_ACTIVE_COMPILATION_CONDITIONS = DEBUG;
				SWIFT_OPTIMIZATION_LEVEL = "-Onone";
			};
			name = Debug;
		};
		84C2600329B60E930069FF67 /* Release */ = {
			isa = XCBuildConfiguration;
			buildSettings = {
				ALWAYS_SEARCH_USER_PATHS = NO;
				CLANG_ANALYZER_NONNULL = YES;
				CLANG_ANALYZER_NUMBER_OBJECT_CONVERSION = YES_AGGRESSIVE;
				CLANG_CXX_LANGUAGE_STANDARD = "gnu++17";
				CLANG_ENABLE_MODULES = YES;
				CLANG_ENABLE_OBJC_ARC = YES;
				CLANG_ENABLE_OBJC_WEAK = YES;
				CLANG_WARN_BLOCK_CAPTURE_AUTORELEASING = YES;
				CLANG_WARN_BOOL_CONVERSION = YES;
				CLANG_WARN_COMMA = YES;
				CLANG_WARN_CONSTANT_CONVERSION = YES;
				CLANG_WARN_DEPRECATED_OBJC_IMPLEMENTATIONS = YES;
				CLANG_WARN_DIRECT_OBJC_ISA_USAGE = YES_ERROR;
				CLANG_WARN_DOCUMENTATION_COMMENTS = YES;
				CLANG_WARN_EMPTY_BODY = YES;
				CLANG_WARN_ENUM_CONVERSION = YES;
				CLANG_WARN_INFINITE_RECURSION = YES;
				CLANG_WARN_INT_CONVERSION = YES;
				CLANG_WARN_NON_LITERAL_NULL_CONVERSION = YES;
				CLANG_WARN_OBJC_IMPLICIT_RETAIN_SELF = YES;
				CLANG_WARN_OBJC_LITERAL_CONVERSION = YES;
				CLANG_WARN_OBJC_ROOT_CLASS = YES_ERROR;
				CLANG_WARN_QUOTED_INCLUDE_IN_FRAMEWORK_HEADER = YES;
				CLANG_WARN_RANGE_LOOP_ANALYSIS = YES;
				CLANG_WARN_STRICT_PROTOTYPES = YES;
				CLANG_WARN_SUSPICIOUS_MOVE = YES;
				CLANG_WARN_UNGUARDED_AVAILABILITY = YES_AGGRESSIVE;
				CLANG_WARN_UNREACHABLE_CODE = YES;
				CLANG_WARN__DUPLICATE_METHOD_MATCH = YES;
				COPY_PHASE_STRIP = NO;
				DEBUG_INFORMATION_FORMAT = "dwarf-with-dsym";
				ENABLE_NS_ASSERTIONS = NO;
				ENABLE_STRICT_OBJC_MSGSEND = YES;
				GCC_C_LANGUAGE_STANDARD = gnu11;
				GCC_NO_COMMON_BLOCKS = YES;
				GCC_WARN_64_TO_32_BIT_CONVERSION = YES;
				GCC_WARN_ABOUT_RETURN_TYPE = YES_ERROR;
				GCC_WARN_UNDECLARED_SELECTOR = YES;
				GCC_WARN_UNINITIALIZED_AUTOS = YES_AGGRESSIVE;
				GCC_WARN_UNUSED_FUNCTION = YES;
				GCC_WARN_UNUSED_VARIABLE = YES;
				IPHONEOS_DEPLOYMENT_TARGET = 15.5;
				MTL_ENABLE_DEBUG_INFO = NO;
				MTL_FAST_MATH = YES;
				SDKROOT = iphoneos;
				SWIFT_COMPILATION_MODE = wholemodule;
				SWIFT_OPTIMIZATION_LEVEL = "-O";
				VALIDATE_PRODUCT = YES;
			};
			name = Release;
		};
		84C2600529B60E930069FF67 /* Debug */ = {
			isa = XCBuildConfiguration;
			buildSettings = {
				ASSETCATALOG_COMPILER_APPICON_NAME = AppIcon;
				ASSETCATALOG_COMPILER_GLOBAL_ACCENT_COLOR_NAME = AccentColor;
				CODE_SIGN_STYLE = Automatic;
				CURRENT_PROJECT_VERSION = 1;
				DEVELOPMENT_ASSET_PATHS = "\"SwiftMap/Preview Content\"";
				ENABLE_PREVIEWS = YES;
				GENERATE_INFOPLIST_FILE = YES;
				INFOPLIST_KEY_UIApplicationSceneManifest_Generation = YES;
				INFOPLIST_KEY_UIApplicationSupportsIndirectInputEvents = YES;
				INFOPLIST_KEY_UILaunchScreen_Generation = YES;
				INFOPLIST_KEY_UISupportedInterfaceOrientations = UIInterfaceOrientationPortrait;
				INFOPLIST_KEY_UISupportedInterfaceOrientations_iPad = "UIInterfaceOrientationPortrait UIInterfaceOrientationPortraitUpsideDown UIInterfaceOrientationLandscapeLeft UIInterfaceOrientationLandscapeRight";
				INFOPLIST_KEY_UISupportedInterfaceOrientations_iPhone = "UIInterfaceOrientationPortrait UIInterfaceOrientationLandscapeLeft UIInterfaceOrientationLandscapeRight";
				LD_RUNPATH_SEARCH_PATHS = (
					"$(inherited)",
					"@executable_path/Frameworks",
				);
				MARKETING_VERSION = 1.0;
				PRODUCT_BUNDLE_IDENTIFIER = teo.nemsadze.SwiftMap;
				PRODUCT_NAME = "$(TARGET_NAME)";
				SWIFT_EMIT_LOC_STRINGS = YES;
				SWIFT_VERSION = 5.0;
				TARGETED_DEVICE_FAMILY = "1,2";
			};
			name = Debug;
		};
		84C2600629B60E930069FF67 /* Release */ = {
			isa = XCBuildConfiguration;
			buildSettings = {
				ASSETCATALOG_COMPILER_APPICON_NAME = AppIcon;
				ASSETCATALOG_COMPILER_GLOBAL_ACCENT_COLOR_NAME = AccentColor;
				CODE_SIGN_STYLE = Automatic;
				CURRENT_PROJECT_VERSION = 1;
				DEVELOPMENT_ASSET_PATHS = "\"SwiftMap/Preview Content\"";
				ENABLE_PREVIEWS = YES;
				GENERATE_INFOPLIST_FILE = YES;
				INFOPLIST_KEY_UIApplicationSceneManifest_Generation = YES;
				INFOPLIST_KEY_UIApplicationSupportsIndirectInputEvents = YES;
				INFOPLIST_KEY_UILaunchScreen_Generation = YES;
				INFOPLIST_KEY_UISupportedInterfaceOrientations = UIInterfaceOrientationPortrait;
				INFOPLIST_KEY_UISupportedInterfaceOrientations_iPad = "UIInterfaceOrientationPortrait UIInterfaceOrientationPortraitUpsideDown UIInterfaceOrientationLandscapeLeft UIInterfaceOrientationLandscapeRight";
				INFOPLIST_KEY_UISupportedInterfaceOrientations_iPhone = "UIInterfaceOrientationPortrait UIInterfaceOrientationLandscapeLeft UIInterfaceOrientationLandscapeRight";
				LD_RUNPATH_SEARCH_PATHS = (
					"$(inherited)",
					"@executable_path/Frameworks",
				);
				MARKETING_VERSION = 1.0;
				PRODUCT_BUNDLE_IDENTIFIER = teo.nemsadze.SwiftMap;
				PRODUCT_NAME = "$(TARGET_NAME)";
				SWIFT_EMIT_LOC_STRINGS = YES;
				SWIFT_VERSION = 5.0;
				TARGETED_DEVICE_FAMILY = "1,2";
			};
			name = Release;
		};
/* End XCBuildConfiguration section */

/* Begin XCConfigurationList section */
		84C25FF129B60E920069FF67 /* Build configuration list for PBXProject "SwiftMap" */ = {
			isa = XCConfigurationList;
			buildConfigurations = (
				84C2600229B60E930069FF67 /* Debug */,
				84C2600329B60E930069FF67 /* Release */,
			);
			defaultConfigurationIsVisible = 0;
			defaultConfigurationName = Release;
		};
		84C2600429B60E930069FF67 /* Build configuration list for PBXNativeTarget "SwiftMap" */ = {
			isa = XCConfigurationList;
			buildConfigurations = (
				84C2600529B60E930069FF67 /* Debug */,
				84C2600629B60E930069FF67 /* Release */,
			);
			defaultConfigurationIsVisible = 0;
			defaultConfigurationName = Release;
		};
/* End XCConfigurationList section */
	};
	rootObject = 84C25FEE29B60E920069FF67 /* Project object */;
}
